
Microsoft Visual Studio Solution File, Format Version 12.00
# Visual Studio Version 17
VisualStudioVersion = 17.0.31903.59
MinimumVisualStudioVersion = 10.0.40219.1
Project("{9A19103F-16F7-4668-BE54-9A1E7A4F7556}") = "XUnitTest.WebAPI", "XUnitTest.WebAPI\XUnitTest.WebAPI.csproj", "{0C9F9A37-EC59-49D6-9D52-0DE15E13EFBF}"
EndProject
Project("{9A19103F-16F7-4668-BE54-9A1E7A4F7556}") = "XUnitTest.WebAPI.Tests", "XUnitTest.WebAPI.Tests\XUnitTest.WebAPI.Tests.csproj", "{A425B798-4FAF-42A3-BE23-E3B328E1D02C}"
EndProject
Global
	GlobalSection(SolutionConfigurationPlatforms) = preSolution
		Debug|Any CPU = Debug|Any CPU
		Release|Any CPU = Release|Any CPU
	EndGlobalSection
	GlobalSection(ProjectConfigurationPlatforms) = postSolution
		{0C9F9A37-EC59-49D6-9D52-0DE15E13EFBF}.Debug|Any CPU.ActiveCfg = Debug|Any CPU
		{0C9F9A37-EC59-49D6-9D52-0DE15E13EFBF}.Debug|Any CPU.Build.0 = Debug|Any CPU
		{0C9F9A37-EC59-49D6-9D52-0DE15E13EFBF}.Release|Any CPU.ActiveCfg = Release|Any CPU
		{0C9F9A37-EC59-49D6-9D52-0DE15E13EFBF}.Release|Any CPU.Build.0 = Release|Any CPU
		{A425B798-4FAF-42A3-BE23-E3B328E1D02C}.Debug|Any CPU.ActiveCfg = Debug|Any CPU
		{A425B798-4FAF-42A3-BE23-E3B328E1D02C}.Debug|Any CPU.Build.0 = Debug|Any CPU
		{A425B798-4FAF-42A3-BE23-E3B328E1D02C}.Release|Any CPU.ActiveCfg = Release|Any CPU
		{A425B798-4FAF-42A3-BE23-E3B328E1D02C}.Release|Any CPU.Build.0 = Release|Any CPU
	EndGlobalSection
	GlobalSection(SolutionProperties) = preSolution
		HideSolutionNode = FALSE
	EndGlobalSection
	GlobalSection(ExtensibilityGlobals) = postSolution
		SolutionGuid = {1BACDE30-3935-4460-8412-3812A0E88827}
	EndGlobalSection
EndGlobal
